
Microsoft Visual Studio Solution File, Format Version 12.00
# Visual Studio 15
VisualStudioVersion = 15.0.28010.2019
MinimumVisualStudioVersion = 10.0.40219.1
Project("{FAE04EC0-301F-11D3-BF4B-00C04F79EFBC}") = "DocConverter", "DocConverter\DocConverter.csproj", "{80EAE12D-22E1-484C-9AC4-A245B9E65746}"
EndProject
Global
	GlobalSection(SolutionConfigurationPlatforms) = preSolution
		Debug|Any CPU = Debug|Any CPU
		Release|Any CPU = Release|Any CPU
	EndGlobalSection
	GlobalSection(ProjectConfigurationPlatforms) = postSolution
		{80EAE12D-22E1-484C-9AC4-A245B9E65746}.Debug|Any CPU.ActiveCfg = Debug|Any CPU
		{80EAE12D-22E1-484C-9AC4-A245B9E65746}.Debug|Any CPU.Build.0 = Debug|Any CPU
		{80EAE12D-22E1-484C-9AC4-A245B9E65746}.Release|Any CPU.ActiveCfg = Release|Any CPU
		{80EAE12D-22E1-484C-9AC4-A245B9E65746}.Release|Any CPU.Build.0 = Release|Any CPU
	EndGlobalSection
	GlobalSection(SolutionProperties) = preSolution
		HideSolutionNode = FALSE
	EndGlobalSection
	GlobalSection(ExtensibilityGlobals) = postSolution
		SolutionGuid = {408B519F-9FA4-452F-810D-FB69E42FA1FF}
	EndGlobalSection
EndGlobal
